
Microsoft Visual Studio Solution File, Format Version 12.00
# Visual Studio 15
VisualStudioVersion = 15.0.27130.2027
MinimumVisualStudioVersion = 10.0.40219.1
Project("{FAE04EC0-301F-11D3-BF4B-00C04F79EFBC}") = "DictionariesAndSets", "..\ConsoleApp1\DictionariesAndSets.csproj", "{30E315D0-6EB8-4FC7-9509-3B2332968E9F}"
EndProject
Global
	GlobalSection(SolutionConfigurationPlatforms) = preSolution
		Debug|Any CPU = Debug|Any CPU
		Release|Any CPU = Release|Any CPU
	EndGlobalSection
	GlobalSection(ProjectConfigurationPlatforms) = postSolution
		{30E315D0-6EB8-4FC7-9509-3B2332968E9F}.Debug|Any CPU.ActiveCfg = Debug|Any CPU
		{30E315D0-6EB8-4FC7-9509-3B2332968E9F}.Debug|Any CPU.Build.0 = Debug|Any CPU
		{30E315D0-6EB8-4FC7-9509-3B2332968E9F}.Release|Any CPU.ActiveCfg = Release|Any CPU
		{30E315D0-6EB8-4FC7-9509-3B2332968E9F}.Release|Any CPU.Build.0 = Release|Any CPU
	EndGlobalSection
	GlobalSection(SolutionProperties) = preSolution
		HideSolutionNode = FALSE
	EndGlobalSection
	GlobalSection(ExtensibilityGlobals) = postSolution
		SolutionGuid = {750F3C4D-53AD-44A1-A999-5069138CD9FD}
	EndGlobalSection
EndGlobal
